
Microsoft Visual Studio Solution File, Format Version 12.00
# Visual Studio Version 17
VisualStudioVersion = 17.0.31903.59
MinimumVisualStudioVersion = 10.0.40219.1
Project("{FAE04EC0-301F-11D3-BF4B-00C04F79EFBC}") = "TodoApp.Domain", "TodoApp.Domain\TodoApp.Domain.csproj", "{F5DCD4D9-AA1E-484A-9E81-AAD9F2E0A05B}"
EndProject
Project("{FAE04EC0-301F-11D3-BF4B-00C04F79EFBC}") = "TodoApp.Infrastructure", "TodoApp.Infrastructure\TodoApp.Infrastructure.csproj", "{DE75AB67-7EFB-44AC-A73F-1C56D5FF2B87}"
EndProject
Global
	GlobalSection(SolutionConfigurationPlatforms) = preSolution
		Debug|Any CPU = Debug|Any CPU
		Release|Any CPU = Release|Any CPU
	EndGlobalSection
	GlobalSection(SolutionProperties) = preSolution
		HideSolutionNode = FALSE
	EndGlobalSection
	GlobalSection(ProjectConfigurationPlatforms) = postSolution
		{F5DCD4D9-AA1E-484A-9E81-AAD9F2E0A05B}.Debug|Any CPU.ActiveCfg = Debug|Any CPU
		{F5DCD4D9-AA1E-484A-9E81-AAD9F2E0A05B}.Debug|Any CPU.Build.0 = Debug|Any CPU
		{F5DCD4D9-AA1E-484A-9E81-AAD9F2E0A05B}.Release|Any CPU.ActiveCfg = Release|Any CPU
		{F5DCD4D9-AA1E-484A-9E81-AAD9F2E0A05B}.Release|Any CPU.Build.0 = Release|Any CPU
		{DE75AB67-7EFB-44AC-A73F-1C56D5FF2B87}.Debug|Any CPU.ActiveCfg = Debug|Any CPU
		{DE75AB67-7EFB-44AC-A73F-1C56D5FF2B87}.Debug|Any CPU.Build.0 = Debug|Any CPU
		{DE75AB67-7EFB-44AC-A73F-1C56D5FF2B87}.Release|Any CPU.ActiveCfg = Release|Any CPU
		{DE75AB67-7EFB-44AC-A73F-1C56D5FF2B87}.Release|Any CPU.Build.0 = Release|Any CPU
	EndGlobalSection
EndGlobal
